
Microsoft Visual Studio Solution File, Format Version 12.00
# Visual Studio 14
VisualStudioVersion = 14.0.23107.0
MinimumVisualStudioVersion = 10.0.40219.1
Project("{FAE04EC0-301F-11D3-BF4B-00C04F79EFBC}") = "JSONScrubber", "JSONScrubber\JSONScrubber.csproj", "{4F040C7F-7DB0-4266-A79E-0C14806E613E}"
EndProject
Project("{FAE04EC0-301F-11D3-BF4B-00C04F79EFBC}") = "JSONScrubber.Tests", "JSONScrubber.Tests\JSONScrubber.Tests.csproj", "{91E7DD2E-64CC-4C52-B930-45A34A66C3AF}"
EndProject
Global
	GlobalSection(SolutionConfigurationPlatforms) = preSolution
		Debug|Any CPU = Debug|Any CPU
		Release|Any CPU = Release|Any CPU
	EndGlobalSection
	GlobalSection(ProjectConfigurationPlatforms) = postSolution
		{4F040C7F-7DB0-4266-A79E-0C14806E613E}.Debug|Any CPU.ActiveCfg = Debug|Any CPU
		{4F040C7F-7DB0-4266-A79E-0C14806E613E}.Debug|Any CPU.Build.0 = Debug|Any CPU
		{4F040C7F-7DB0-4266-A79E-0C14806E613E}.Release|Any CPU.ActiveCfg = Release|Any CPU
		{4F040C7F-7DB0-4266-A79E-0C14806E613E}.Release|Any CPU.Build.0 = Release|Any CPU
		{91E7DD2E-64CC-4C52-B930-45A34A66C3AF}.Debug|Any CPU.ActiveCfg = Debug|Any CPU
		{91E7DD2E-64CC-4C52-B930-45A34A66C3AF}.Debug|Any CPU.Build.0 = Debug|Any CPU
		{91E7DD2E-64CC-4C52-B930-45A34A66C3AF}.Release|Any CPU.ActiveCfg = Release|Any CPU
		{91E7DD2E-64CC-4C52-B930-45A34A66C3AF}.Release|Any CPU.Build.0 = Release|Any CPU
	EndGlobalSection
	GlobalSection(SolutionProperties) = preSolution
		HideSolutionNode = FALSE
	EndGlobalSection
EndGlobal
